
Microsoft Visual Studio Solution File, Format Version 12.00
# Visual Studio Version 17
VisualStudioVersion = 17.4.33110.190
MinimumVisualStudioVersion = 10.0.40219.1
Project("{FAE04EC0-301F-11D3-BF4B-00C04F79EFBC}") = "Task18_4_1", "Task18_4_1\Task18_4_1.csproj", "{2C313503-A04C-462A-85EE-98CA2E71C0AB}"
EndProject
Global
	GlobalSection(SolutionConfigurationPlatforms) = preSolution
		Debug|Any CPU = Debug|Any CPU
		Release|Any CPU = Release|Any CPU
	EndGlobalSection
	GlobalSection(ProjectConfigurationPlatforms) = postSolution
		{2C313503-A04C-462A-85EE-98CA2E71C0AB}.Debug|Any CPU.ActiveCfg = Debug|Any CPU
		{2C313503-A04C-462A-85EE-98CA2E71C0AB}.Debug|Any CPU.Build.0 = Debug|Any CPU
		{2C313503-A04C-462A-85EE-98CA2E71C0AB}.Release|Any CPU.ActiveCfg = Release|Any CPU
		{2C313503-A04C-462A-85EE-98CA2E71C0AB}.Release|Any CPU.Build.0 = Release|Any CPU
	EndGlobalSection
	GlobalSection(SolutionProperties) = preSolution
		HideSolutionNode = FALSE
	EndGlobalSection
	GlobalSection(ExtensibilityGlobals) = postSolution
		SolutionGuid = {D7F8138F-846E-4078-9C42-CE9ED2DF1D35}
	EndGlobalSection
EndGlobal
